
Microsoft Visual Studio Solution File, Format Version 12.00
# Visual Studio Version 17
VisualStudioVersion = 17.7.34202.233
MinimumVisualStudioVersion = 10.0.40219.1
Project("{9A19103F-16F7-4668-BE54-9A1E7A4F7556}") = "WebApiPelis2023", "WebApiPelis2023.csproj", "{31E78728-7E10-4EFC-AA57-694EEB2EFB7B}"
EndProject
Project("{9A19103F-16F7-4668-BE54-9A1E7A4F7556}") = "FrontPelis2023.Client", "..\FrontPelis2023\Client\FrontPelis2023.Client.csproj", "{2C471783-9959-44DE-8602-33B05FD73FDB}"
EndProject
Global
	GlobalSection(SolutionConfigurationPlatforms) = preSolution
		Debug|Any CPU = Debug|Any CPU
		Release|Any CPU = Release|Any CPU
	EndGlobalSection
	GlobalSection(ProjectConfigurationPlatforms) = postSolution
		{31E78728-7E10-4EFC-AA57-694EEB2EFB7B}.Debug|Any CPU.ActiveCfg = Debug|Any CPU
		{31E78728-7E10-4EFC-AA57-694EEB2EFB7B}.Debug|Any CPU.Build.0 = Debug|Any CPU
		{31E78728-7E10-4EFC-AA57-694EEB2EFB7B}.Release|Any CPU.ActiveCfg = Release|Any CPU
		{31E78728-7E10-4EFC-AA57-694EEB2EFB7B}.Release|Any CPU.Build.0 = Release|Any CPU
		{2C471783-9959-44DE-8602-33B05FD73FDB}.Debug|Any CPU.ActiveCfg = Debug|Any CPU
		{2C471783-9959-44DE-8602-33B05FD73FDB}.Debug|Any CPU.Build.0 = Debug|Any CPU
		{2C471783-9959-44DE-8602-33B05FD73FDB}.Release|Any CPU.ActiveCfg = Release|Any CPU
		{2C471783-9959-44DE-8602-33B05FD73FDB}.Release|Any CPU.Build.0 = Release|Any CPU
	EndGlobalSection
	GlobalSection(SolutionProperties) = preSolution
		HideSolutionNode = FALSE
	EndGlobalSection
	GlobalSection(ExtensibilityGlobals) = postSolution
		SolutionGuid = {79E4E47E-B752-4049-915B-FC3E4B1E425C}
	EndGlobalSection
EndGlobal
